
Microsoft Visual Studio Solution File, Format Version 12.00
# Visual Studio Version 16
VisualStudioVersion = 16.0.30413.136
MinimumVisualStudioVersion = 10.0.40219.1
Project("{9A19103F-16F7-4668-BE54-9A1E7A4F7556}") = "01. Train", "01. Train\01. Train.csproj", "{398A287D-4856-4E64-B159-F4D41466AFF4}"
EndProject
Project("{9A19103F-16F7-4668-BE54-9A1E7A4F7556}") = "02. Common Elements", "02. Common Elements\02. Common Elements.csproj", "{7AD22FF0-6BF7-41DD-8E13-E89B92A87DE2}"
EndProject
Project("{9A19103F-16F7-4668-BE54-9A1E7A4F7556}") = "03. Zig-Zag Arrays", "03. Zig-Zag Arrays\03. Zig-Zag Arrays.csproj", "{4C3D236C-2659-4437-8D02-1E40B598F77F}"
EndProject
Project("{9A19103F-16F7-4668-BE54-9A1E7A4F7556}") = "04. Array Rotation", "04. Array Rotation\04. Array Rotation.csproj", "{26BE629D-4DCE-4B74-AA9E-22D96F894D31}"
EndProject
Project("{9A19103F-16F7-4668-BE54-9A1E7A4F7556}") = "05. Top Integers", "05. Top Integers\05. Top Integers.csproj", "{249024C7-5AB9-4DC0-98C2-1E76082F28D3}"
EndProject
Project("{9A19103F-16F7-4668-BE54-9A1E7A4F7556}") = "06. Equal Sum", "06. Equal Sum\06. Equal Sum.csproj", "{2AA2D09B-6658-4E5E-AC13-F90105910CC1}"
EndProject
Project("{9A19103F-16F7-4668-BE54-9A1E7A4F7556}") = "07. Max Sequence of Equal Elements", "07. Max Sequence of Equal Elements\07. Max Sequence of Equal Elements.csproj", "{ECB2D417-B770-4DCE-8199-8274CA588E46}"
EndProject
Project("{9A19103F-16F7-4668-BE54-9A1E7A4F7556}") = "8. Magic Sum", "8. Magic Sum\8. Magic Sum.csproj", "{88C9FF15-ED0C-4EF3-B388-D1F11278362F}"
EndProject
Project("{9A19103F-16F7-4668-BE54-9A1E7A4F7556}") = "09. Kamino Factory", "09. Kamino Factory\09. Kamino Factory.csproj", "{C65C3F1D-F97C-41E6-A360-5897CA117E6A}"
EndProject
Project("{FAE04EC0-301F-11D3-BF4B-00C04F79EFBC}") = "LadyBugs", "LadyBugs\LadyBugs.csproj", "{3D2FD7E2-E547-4946-9347-D64990CCF04F}"
EndProject
Project("{FAE04EC0-301F-11D3-BF4B-00C04F79EFBC}") = "lady bug my try", "lady bug my try\lady bug my try.csproj", "{B5581306-CD79-497C-8C37-06B0BDE94981}"
EndProject
Global
	GlobalSection(SolutionConfigurationPlatforms) = preSolution
		Debug|Any CPU = Debug|Any CPU
		Release|Any CPU = Release|Any CPU
	EndGlobalSection
	GlobalSection(ProjectConfigurationPlatforms) = postSolution
		{398A287D-4856-4E64-B159-F4D41466AFF4}.Debug|Any CPU.ActiveCfg = Debug|Any CPU
		{398A287D-4856-4E64-B159-F4D41466AFF4}.Debug|Any CPU.Build.0 = Debug|Any CPU
		{398A287D-4856-4E64-B159-F4D41466AFF4}.Release|Any CPU.ActiveCfg = Release|Any CPU
		{398A287D-4856-4E64-B159-F4D41466AFF4}.Release|Any CPU.Build.0 = Release|Any CPU
		{7AD22FF0-6BF7-41DD-8E13-E89B92A87DE2}.Debug|Any CPU.ActiveCfg = Debug|Any CPU
		{7AD22FF0-6BF7-41DD-8E13-E89B92A87DE2}.Debug|Any CPU.Build.0 = Debug|Any CPU
		{7AD22FF0-6BF7-41DD-8E13-E89B92A87DE2}.Release|Any CPU.ActiveCfg = Release|Any CPU
		{7AD22FF0-6BF7-41DD-8E13-E89B92A87DE2}.Release|Any CPU.Build.0 = Release|Any CPU
		{4C3D236C-2659-4437-8D02-1E40B598F77F}.Debug|Any CPU.ActiveCfg = Debug|Any CPU
		{4C3D236C-2659-4437-8D02-1E40B598F77F}.Debug|Any CPU.Build.0 = Debug|Any CPU
		{4C3D236C-2659-4437-8D02-1E40B598F77F}.Release|Any CPU.ActiveCfg = Release|Any CPU
		{4C3D236C-2659-4437-8D02-1E40B598F77F}.Release|Any CPU.Build.0 = Release|Any CPU
		{26BE629D-4DCE-4B74-AA9E-22D96F894D31}.Debug|Any CPU.ActiveCfg = Debug|Any CPU
		{26BE629D-4DCE-4B74-AA9E-22D96F894D31}.Debug|Any CPU.Build.0 = Debug|Any CPU
		{26BE629D-4DCE-4B74-AA9E-22D96F894D31}.Release|Any CPU.ActiveCfg = Release|Any CPU
		{26BE629D-4DCE-4B74-AA9E-22D96F894D31}.Release|Any CPU.Build.0 = Release|Any CPU
		{249024C7-5AB9-4DC0-98C2-1E76082F28D3}.Debug|Any CPU.ActiveCfg = Debug|Any CPU
		{249024C7-5AB9-4DC0-98C2-1E76082F28D3}.Debug|Any CPU.Build.0 = Debug|Any CPU
		{249024C7-5AB9-4DC0-98C2-1E76082F28D3}.Release|Any CPU.ActiveCfg = Release|Any CPU
		{249024C7-5AB9-4DC0-98C2-1E76082F28D3}.Release|Any CPU.Build.0 = Release|Any CPU
		{2AA2D09B-6658-4E5E-AC13-F90105910CC1}.Debug|Any CPU.ActiveCfg = Debug|Any CPU
		{2AA2D09B-6658-4E5E-AC13-F90105910CC1}.Debug|Any CPU.Build.0 = Debug|Any CPU
		{2AA2D09B-6658-4E5E-AC13-F90105910CC1}.Release|Any CPU.ActiveCfg = Release|Any CPU
		{2AA2D09B-6658-4E5E-AC13-F90105910CC1}.Release|Any CPU.Build.0 = Release|Any CPU
		{ECB2D417-B770-4DCE-8199-8274CA588E46}.Debug|Any CPU.ActiveCfg = Debug|Any CPU
		{ECB2D417-B770-4DCE-8199-8274CA588E46}.Debug|Any CPU.Build.0 = Debug|Any CPU
		{ECB2D417-B770-4DCE-8199-8274CA588E46}.Release|Any CPU.ActiveCfg = Release|Any CPU
		{ECB2D417-B770-4DCE-8199-8274CA588E46}.Release|Any CPU.Build.0 = Release|Any CPU
		{88C9FF15-ED0C-4EF3-B388-D1F11278362F}.Debug|Any CPU.ActiveCfg = Debug|Any CPU
		{88C9FF15-ED0C-4EF3-B388-D1F11278362F}.Debug|Any CPU.Build.0 = Debug|Any CPU
		{88C9FF15-ED0C-4EF3-B388-D1F11278362F}.Release|Any CPU.ActiveCfg = Release|Any CPU
		{88C9FF15-ED0C-4EF3-B388-D1F11278362F}.Release|Any CPU.Build.0 = Release|Any CPU
		{C65C3F1D-F97C-41E6-A360-5897CA117E6A}.Debug|Any CPU.ActiveCfg = Debug|Any CPU
		{C65C3F1D-F97C-41E6-A360-5897CA117E6A}.Debug|Any CPU.Build.0 = Debug|Any CPU
		{C65C3F1D-F97C-41E6-A360-5897CA117E6A}.Release|Any CPU.ActiveCfg = Release|Any CPU
		{C65C3F1D-F97C-41E6-A360-5897CA117E6A}.Release|Any CPU.Build.0 = Release|Any CPU
		{3D2FD7E2-E547-4946-9347-D64990CCF04F}.Debug|Any CPU.ActiveCfg = Debug|Any CPU
		{3D2FD7E2-E547-4946-9347-D64990CCF04F}.Debug|Any CPU.Build.0 = Debug|Any CPU
		{3D2FD7E2-E547-4946-9347-D64990CCF04F}.Release|Any CPU.ActiveCfg = Release|Any CPU
		{3D2FD7E2-E547-4946-9347-D64990CCF04F}.Release|Any CPU.Build.0 = Release|Any CPU
		{B5581306-CD79-497C-8C37-06B0BDE94981}.Debug|Any CPU.ActiveCfg = Debug|Any CPU
		{B5581306-CD79-497C-8C37-06B0BDE94981}.Debug|Any CPU.Build.0 = Debug|Any CPU
		{B5581306-CD79-497C-8C37-06B0BDE94981}.Release|Any CPU.ActiveCfg = Release|Any CPU
		{B5581306-CD79-497C-8C37-06B0BDE94981}.Release|Any CPU.Build.0 = Release|Any CPU
	EndGlobalSection
	GlobalSection(SolutionProperties) = preSolution
		HideSolutionNode = FALSE
	EndGlobalSection
	GlobalSection(ExtensibilityGlobals) = postSolution
		SolutionGuid = {61C35805-42AB-4770-98E6-095AF78FA5CA}
	EndGlobalSection
EndGlobal
